
Microsoft Visual Studio Solution File, Format Version 10.00
# Visual Studio 2008
Project("{FAE04EC0-301F-11D3-BF4B-00C04F79EFBC}") = "BLOOM", "BLOOM\BLOOM.csproj", "{D63B0703-8849-4112-9AB9-8B749D282721}"
EndProject
Project("{FAE04EC0-301F-11D3-BF4B-00C04F79EFBC}") = "BLOOM.Tests", "BLOOM.Tests\BLOOM.Tests.csproj", "{33FC4BBF-AB16-4F88-9152-E196FAF40FF9}"
EndProject
Global
	GlobalSection(SolutionConfigurationPlatforms) = preSolution
		Debug|Any CPU = Debug|Any CPU
		Release|Any CPU = Release|Any CPU
	EndGlobalSection
	GlobalSection(ProjectConfigurationPlatforms) = postSolution
		{D63B0703-8849-4112-9AB9-8B749D282721}.Debug|Any CPU.ActiveCfg = Debug|Any CPU
		{D63B0703-8849-4112-9AB9-8B749D282721}.Debug|Any CPU.Build.0 = Debug|Any CPU
		{D63B0703-8849-4112-9AB9-8B749D282721}.Release|Any CPU.ActiveCfg = Release|Any CPU
		{D63B0703-8849-4112-9AB9-8B749D282721}.Release|Any CPU.Build.0 = Release|Any CPU
		{33FC4BBF-AB16-4F88-9152-E196FAF40FF9}.Debug|Any CPU.ActiveCfg = Debug|Any CPU
		{33FC4BBF-AB16-4F88-9152-E196FAF40FF9}.Debug|Any CPU.Build.0 = Debug|Any CPU
		{33FC4BBF-AB16-4F88-9152-E196FAF40FF9}.Release|Any CPU.ActiveCfg = Release|Any CPU
		{33FC4BBF-AB16-4F88-9152-E196FAF40FF9}.Release|Any CPU.Build.0 = Release|Any CPU
	EndGlobalSection
	GlobalSection(SolutionProperties) = preSolution
		HideSolutionNode = FALSE
	EndGlobalSection
EndGlobal
